
Microsoft Visual Studio Solution File, Format Version 12.00
# Visual Studio 14
VisualStudioVersion = 14.0.25420.1
MinimumVisualStudioVersion = 10.0.40219.1
Project("{FAE04EC0-301F-11D3-BF4B-00C04F79EFBC}") = "Best", "Best\Best.csproj", "{08F4E8E2-1A66-4B62-A317-4BD11DD01391}"
EndProject
Global
	GlobalSection(SolutionConfigurationPlatforms) = preSolution
		Debug|Any CPU = Debug|Any CPU
		Release|Any CPU = Release|Any CPU
	EndGlobalSection
	GlobalSection(ProjectConfigurationPlatforms) = postSolution
		{08F4E8E2-1A66-4B62-A317-4BD11DD01391}.Debug|Any CPU.ActiveCfg = Debug|Any CPU
		{08F4E8E2-1A66-4B62-A317-4BD11DD01391}.Debug|Any CPU.Build.0 = Debug|Any CPU
		{08F4E8E2-1A66-4B62-A317-4BD11DD01391}.Release|Any CPU.ActiveCfg = Release|Any CPU
		{08F4E8E2-1A66-4B62-A317-4BD11DD01391}.Release|Any CPU.Build.0 = Release|Any CPU
	EndGlobalSection
	GlobalSection(SolutionProperties) = preSolution
		HideSolutionNode = FALSE
	EndGlobalSection
EndGlobal
