
Microsoft Visual Studio Solution File, Format Version 12.00
# Visual Studio 14
VisualStudioVersion = 14.0.25420.1
MinimumVisualStudioVersion = 10.0.40219.1
Project("{FAE04EC0-301F-11D3-BF4B-00C04F79EFBC}") = "ConsoleApplication2", "ConsoleApplication2\ConsoleApplication2.csproj", "{AC9F6CA1-6820-4441-9C87-8AEF589D9213}"
EndProject
Global
	GlobalSection(SolutionConfigurationPlatforms) = preSolution
		Debug|Any CPU = Debug|Any CPU
		Release|Any CPU = Release|Any CPU
	EndGlobalSection
	GlobalSection(ProjectConfigurationPlatforms) = postSolution
		{AC9F6CA1-6820-4441-9C87-8AEF589D9213}.Debug|Any CPU.ActiveCfg = Debug|Any CPU
		{AC9F6CA1-6820-4441-9C87-8AEF589D9213}.Debug|Any CPU.Build.0 = Debug|Any CPU
		{AC9F6CA1-6820-4441-9C87-8AEF589D9213}.Release|Any CPU.ActiveCfg = Release|Any CPU
		{AC9F6CA1-6820-4441-9C87-8AEF589D9213}.Release|Any CPU.Build.0 = Release|Any CPU
	EndGlobalSection
	GlobalSection(SolutionProperties) = preSolution
		HideSolutionNode = FALSE
	EndGlobalSection
EndGlobal
